Microsoft Visual Studio Solution File, Format Version 11.00
# Visual Studio 2008

Project("{49877929-A243-D14F-CB23-CDBE4363A276}") = "OculusVisualizerProject", "Assembly-CSharp-firstpass.csproj", "{202AD04B-972A-9F36-A25B-E99259484FC3}"
EndProject
Project("{49877929-A243-D14F-CB23-CDBE4363A276}") = "OculusVisualizerProject", "Assembly-CSharp.csproj", "{DEFBBC39-00E4-DE5F-8B1C-C05BFDF99143}"
EndProject
Project("{49877929-A243-D14F-CB23-CDBE4363A276}") = "OculusVisualizerProject", "Assembly-UnityScript-firstpass.unityproj", "{21003FDE-6610-7A7E-9145-2D4087B506A0}"
EndProject
Project("{49877929-A243-D14F-CB23-CDBE4363A276}") = "OculusVisualizerProject", "Assembly-UnityScript.unityproj", "{79139A53-375B-B9A1-3A80-804915196062}"
EndProject
Global
	GlobalSection(SolutionConfigurationPlatforms) = preSolution
		Debug|Any CPU = Debug|Any CPU
		Release|Any CPU = Release|Any CPU
	EndGlobalSection
	GlobalSection(ProjectConfigurationPlatforms) = postSolution
		{202AD04B-972A-9F36-A25B-E99259484FC3}.Debug|Any CPU.ActiveCfg = Debug|Any CPU
		{202AD04B-972A-9F36-A25B-E99259484FC3}.Debug|Any CPU.Build.0 = Debug|Any CPU
		{202AD04B-972A-9F36-A25B-E99259484FC3}.Release|Any CPU.ActiveCfg = Release|Any CPU
		{202AD04B-972A-9F36-A25B-E99259484FC3}.Release|Any CPU.Build.0 = Release|Any CPU
		{DEFBBC39-00E4-DE5F-8B1C-C05BFDF99143}.Debug|Any CPU.ActiveCfg = Debug|Any CPU
		{DEFBBC39-00E4-DE5F-8B1C-C05BFDF99143}.Debug|Any CPU.Build.0 = Debug|Any CPU
		{DEFBBC39-00E4-DE5F-8B1C-C05BFDF99143}.Release|Any CPU.ActiveCfg = Release|Any CPU
		{DEFBBC39-00E4-DE5F-8B1C-C05BFDF99143}.Release|Any CPU.Build.0 = Release|Any CPU
		{21003FDE-6610-7A7E-9145-2D4087B506A0}.Debug|Any CPU.ActiveCfg = Debug|Any CPU
		{21003FDE-6610-7A7E-9145-2D4087B506A0}.Debug|Any CPU.Build.0 = Debug|Any CPU
		{21003FDE-6610-7A7E-9145-2D4087B506A0}.Release|Any CPU.ActiveCfg = Release|Any CPU
		{21003FDE-6610-7A7E-9145-2D4087B506A0}.Release|Any CPU.Build.0 = Release|Any CPU
		{79139A53-375B-B9A1-3A80-804915196062}.Debug|Any CPU.ActiveCfg = Debug|Any CPU
		{79139A53-375B-B9A1-3A80-804915196062}.Debug|Any CPU.Build.0 = Debug|Any CPU
		{79139A53-375B-B9A1-3A80-804915196062}.Release|Any CPU.ActiveCfg = Release|Any CPU
		{79139A53-375B-B9A1-3A80-804915196062}.Release|Any CPU.Build.0 = Release|Any CPU
	EndGlobalSection
	GlobalSection(SolutionProperties) = preSolution
		HideSolutionNode = FALSE
	EndGlobalSection
																																								GlobalSection(MonoDevelopProperties) = preSolution
		StartupItem = Assembly-CSharp.csproj
		Policies = $0
		$0.TextStylePolicy = $1
		$1.inheritsSet = null
		$1.scope = text/x-csharp
		$0.CSharpFormattingPolicy = $2
		$2.inheritsSet = Mono
		$2.inheritsScope = text/x-csharp
		$2.scope = text/x-csharp
		$0.TextStylePolicy = $3
		$3.FileWidth = 120
		$3.TabWidth = 4
		$3.EolMarker = Unix
		$3.inheritsSet = Mono
		$3.inheritsScope = text/plain
		$3.scope = text/plain
	EndGlobalSection

EndGlobal
